// !$*UTF8*$!
{
	archiveVersion = 1;
	classes = {
	};
	objectVersion = 48;
	objects = {

/* Begin PBXBuildFile section */
		875AAEB133175870BA101B3D /* Pods_SlackClone.framework in Frameworks */ = {isa = PBXBuildFile; fileRef = CE5DF3D278F4B08A5668A3C2 /* Pods_SlackClone.framework */; };
		892DD73E20076972001CF044 /* UserDataService.swift in Sources */ = {isa = PBXBuildFile; fileRef = 892DD73D20076972001CF044 /* UserDataService.swift */; };
		8986AC8A200615B700D4E325 /* AppDelegate.swift in Sources */ = {isa = PBXBuildFile; fileRef = 8986AC89200615B700D4E325 /* AppDelegate.swift */; };
		8986AC8C200615B700D4E325 /* ChatVC.swift in Sources */ = {isa = PBXBuildFile; fileRef = 8986AC8B200615B700D4E325 /* ChatVC.swift */; };
		8986AC8F200615B700D4E325 /* Main.storyboard in Resources */ = {isa = PBXBuildFile; fileRef = 8986AC8D200615B700D4E325 /* Main.storyboard */; };
		8986AC91200615B700D4E325 /* Assets.xcassets in Resources */ = {isa = PBXBuildFile; fileRef = 8986AC90200615B700D4E325 /* Assets.xcassets */; };
		8986AC94200615B700D4E325 /* LaunchScreen.storyboard in Resources */ = {isa = PBXBuildFile; fileRef = 8986AC92200615B700D4E325 /* LaunchScreen.storyboard */; };
		8986AC9E2006216400D4E325 /* SWRevealViewController.m in Sources */ = {isa = PBXBuildFile; fileRef = 8986AC9D2006216400D4E325 /* SWRevealViewController.m */; };
		8986ACA42006250200D4E325 /* ChannelVC.swift in Sources */ = {isa = PBXBuildFile; fileRef = 8986ACA32006250200D4E325 /* ChannelVC.swift */; };
		8986ACA62006315900D4E325 /* GradientVIew.swift in Sources */ = {isa = PBXBuildFile; fileRef = 8986ACA52006315900D4E325 /* GradientVIew.swift */; };
		8986ACA920063D9B00D4E325 /* Constants.swift in Sources */ = {isa = PBXBuildFile; fileRef = 8986ACA820063D9B00D4E325 /* Constants.swift */; };
		8986ACAB200643B000D4E325 /* LogInVC.swift in Sources */ = {isa = PBXBuildFile; fileRef = 8986ACAA200643B000D4E325 /* LogInVC.swift */; };
		89EBD47A200696DE0096B3D0 /* SignUpVC.swift in Sources */ = {isa = PBXBuildFile; fileRef = 89EBD479200696DE0096B3D0 /* SignUpVC.swift */; };
		89EBD47D200741030096B3D0 /* AuthService.swift in Sources */ = {isa = PBXBuildFile; fileRef = 89EBD47C200741030096B3D0 /* AuthService.swift */; };
		89EBD47F200755B90096B3D0 /* RoundedButtons.swift in Sources */ = {isa = PBXBuildFile; fileRef = 89EBD47E200755B90096B3D0 /* RoundedButtons.swift */; };
/* End PBXBuildFile section */

/* Begin PBXFileReference section */
		124E5BC190DD6AE231BF9B1B /* Pods-SlackClone.release.xcconfig */ = {isa = PBXFileReference; includeInIndex = 1; lastKnownFileType = text.xcconfig; name = "Pods-SlackClone.release.xcconfig"; path = "Pods/Target Support Files/Pods-SlackClone/Pods-SlackClone.release.xcconfig"; sourceTree = "<group>"; };
		428F34DE7958622A2769AB64 /* Pods-SlackClone.debug.xcconfig */ = {isa = PBXFileReference; includeInIndex = 1; lastKnownFileType = text.xcconfig; name = "Pods-SlackClone.debug.xcconfig"; path = "Pods/Target Support Files/Pods-SlackClone/Pods-SlackClone.debug.xcconfig"; sourceTree = "<group>"; };
		892DD73D20076972001CF044 /* UserDataService.swift */ = {isa = PBXFileReference; lastKnownFileType = sourcecode.swift; path = UserDataService.swift; sourceTree = "<group>"; };
		8986AC86200615B700D4E325 /* SlackClone.app */ = {isa = PBXFileReference; explicitFileType = wrapper.application; includeInIndex = 0; path = SlackClone.app; sourceTree = BUILT_PRODUCTS_DIR; };
		8986AC89200615B700D4E325 /* AppDelegate.swift */ = {isa = PBXFileReference; lastKnownFileType = sourcecode.swift; path = AppDelegate.swift; sourceTree = "<group>"; };
		8986AC8B200615B700D4E325 /* ChatVC.swift */ = {isa = PBXFileReference; lastKnownFileType = sourcecode.swift; path = ChatVC.swift; sourceTree = "<group>"; };
		8986AC8E200615B700D4E325 /* Base */ = {isa = PBXFileReference; lastKnownFileType = file.storyboard; name = Base; path = Base.lproj/Main.storyboard; sourceTree = "<group>"; };
		8986AC90200615B700D4E325 /* Assets.xcassets */ = {isa = PBXFileReference; lastKnownFileType = folder.assetcatalog; path = Assets.xcassets; sourceTree = "<group>"; };
		8986AC93200615B700D4E325 /* Base */ = {isa = PBXFileReference; lastKnownFileType = file.storyboard; name = Base; path = Base.lproj/LaunchScreen.storyboard; sourceTree = "<group>"; };
		8986AC95200615B700D4E325 /* Info.plist */ = {isa = PBXFileReference; lastKnownFileType = text.plist.xml; path = Info.plist; sourceTree = "<group>"; };
		8986AC9B2006216300D4E325 /* SlackClone-Bridging-Header.h */ = {isa = PBXFileReference; lastKnownFileType = sourcecode.c.h; path = "SlackClone-Bridging-Header.h"; sourceTree = "<group>"; };
		8986AC9C2006216400D4E325 /* SWRevealViewController.h */ = {isa = PBXFileReference; fileEncoding = 4; lastKnownFileType = sourcecode.c.h; path = SWRevealViewController.h; sourceTree = "<group>"; };
		8986AC9D2006216400D4E325 /* SWRevealViewController.m */ = {isa = PBXFileReference; fileEncoding = 4; lastKnownFileType = sourcecode.c.objc; path = SWRevealViewController.m; sourceTree = "<group>"; };
		8986ACA32006250200D4E325 /* ChannelVC.swift */ = {isa = PBXFileReference; lastKnownFileType = sourcecode.swift; path = ChannelVC.swift; sourceTree = "<group>"; };
		8986ACA52006315900D4E325 /* GradientVIew.swift */ = {isa = PBXFileReference; lastKnownFileType = sourcecode.swift; path = GradientVIew.swift; sourceTree = "<group>"; };
		8986ACA820063D9B00D4E325 /* Constants.swift */ = {isa = PBXFileReference; lastKnownFileType = sourcecode.swift; path = Constants.swift; sourceTree = "<group>"; };
		8986ACAA200643B000D4E325 /* LogInVC.swift */ = {isa = PBXFileReference; lastKnownFileType = sourcecode.swift; path = LogInVC.swift; sourceTree = "<group>"; };
		89EBD479200696DE0096B3D0 /* SignUpVC.swift */ = {isa = PBXFileReference; lastKnownFileType = sourcecode.swift; path = SignUpVC.swift; sourceTree = "<group>"; };
		89EBD47C200741030096B3D0 /* AuthService.swift */ = {isa = PBXFileReference; lastKnownFileType = sourcecode.swift; path = AuthService.swift; sourceTree = "<group>"; };
		89EBD47E200755B90096B3D0 /* RoundedButtons.swift */ = {isa = PBXFileReference; lastKnownFileType = sourcecode.swift; path = RoundedButtons.swift; sourceTree = "<group>"; };
		CE5DF3D278F4B08A5668A3C2 /* Pods_SlackClone.framework */ = {isa = PBXFileReference; explicitFileType = wrapper.framework; includeInIndex = 0; path = Pods_SlackClone.framework; sourceTree = BUILT_PRODUCTS_DIR; };
/* End PBXFileReference section */

/* Begin PBXFrameworksBuildPhase section */
		8986AC83200615B700D4E325 /* Frameworks */ = {
			isa = PBXFrameworksBuildPhase;
			buildActionMask = 2147483647;
			files = (
				875AAEB133175870BA101B3D /* Pods_SlackClone.framework in Frameworks */,
			);
			runOnlyForDeploymentPostprocessing = 0;
		};
/* End PBXFrameworksBuildPhase section */

/* Begin PBXGroup section */
		10FB48CB2E47ACB201440A2B /* Frameworks */ = {
			isa = PBXGroup;
			children = (
				CE5DF3D278F4B08A5668A3C2 /* Pods_SlackClone.framework */,
			);
			name = Frameworks;
			sourceTree = "<group>";
		};
		8986AC7D200615B700D4E325 = {
			isa = PBXGroup;
			children = (
				8986AC88200615B700D4E325 /* SlackClone */,
				8986AC87200615B700D4E325 /* Products */,
				F5A4B2EE75E4B373E2B9CD24 /* Pods */,
				10FB48CB2E47ACB201440A2B /* Frameworks */,
			);
			sourceTree = "<group>";
		};
		8986AC87200615B700D4E325 /* Products */ = {
			isa = PBXGroup;
			children = (
				8986AC86200615B700D4E325 /* SlackClone.app */,
			);
			name = Products;
			sourceTree = "<group>";
		};
		8986AC88200615B700D4E325 /* SlackClone */ = {
			isa = PBXGroup;
			children = (
				89EBD47B200740F40096B3D0 /* Service */,
				8986ACA720063D8A00D4E325 /* Utilities */,
				8986ACA1200622DE00D4E325 /* Mode */,
				8986ACA0200622DB00D4E325 /* View */,
				8986AC9F200622D900D4E325 /* Controller */,
				8986ACA2200622ED00D4E325 /* Supporting files */,
				8986AC89200615B700D4E325 /* AppDelegate.swift */,
				8986AC8D200615B700D4E325 /* Main.storyboard */,
				8986AC90200615B700D4E325 /* Assets.xcassets */,
				8986AC92200615B700D4E325 /* LaunchScreen.storyboard */,
				8986AC95200615B700D4E325 /* Info.plist */,
				8986AC9B2006216300D4E325 /* SlackClone-Bridging-Header.h */,
			);
			path = SlackClone;
			sourceTree = "<group>";
		};
		8986AC9F200622D900D4E325 /* Controller */ = {
			isa = PBXGroup;
			children = (
				8986AC8B200615B700D4E325 /* ChatVC.swift */,
				8986ACA32006250200D4E325 /* ChannelVC.swift */,
				8986ACAA200643B000D4E325 /* LogInVC.swift */,
				89EBD479200696DE0096B3D0 /* SignUpVC.swift */,
			);
			path = Controller;
			sourceTree = "<group>";
		};
		8986ACA0200622DB00D4E325 /* View */ = {
			isa = PBXGroup;
			children = (
				8986ACA52006315900D4E325 /* GradientVIew.swift */,
				89EBD47E200755B90096B3D0 /* RoundedButtons.swift */,
			);
			path = View;
			sourceTree = "<group>";
		};
		8986ACA1200622DE00D4E325 /* Mode */ = {
			isa = PBXGroup;
			children = (
			);
			path = Mode;
			sourceTree = "<group>";
		};
		8986ACA2200622ED00D4E325 /* Supporting files */ = {
			isa = PBXGroup;
			children = (
				8986AC9C2006216400D4E325 /* SWRevealViewController.h */,
				8986AC9D2006216400D4E325 /* SWRevealViewController.m */,
			);
			path = "Supporting files";
			sourceTree = "<group>";
		};
		8986ACA720063D8A00D4E325 /* Utilities */ = {
			isa = PBXGroup;
			children = (
				8986ACA820063D9B00D4E325 /* Constants.swift */,
			);
			path = Utilities;
			sourceTree = "<group>";
		};
		89EBD47B200740F40096B3D0 /* Service */ = {
			isa = PBXGroup;
			children = (
				89EBD47C200741030096B3D0 /* AuthService.swift */,
				892DD73D20076972001CF044 /* UserDataService.swift */,
			);
			path = Service;
			sourceTree = "<group>";
		};
		F5A4B2EE75E4B373E2B9CD24 /* Pods */ = {
			isa = PBXGroup;
			children = (
				428F34DE7958622A2769AB64 /* Pods-SlackClone.debug.xcconfig */,
				124E5BC190DD6AE231BF9B1B /* Pods-SlackClone.release.xcconfig */,
			);
			name = Pods;
			sourceTree = "<group>";
		};
/* End PBXGroup section */

/* Begin PBXNativeTarget section */
		8986AC85200615B700D4E325 /* SlackClone */ = {
			isa = PBXNativeTarget;
			buildConfigurationList = 8986AC98200615B700D4E325 /* Build configuration list for PBXNativeTarget "SlackClone" */;
			buildPhases = (
				A3DBBCA6CA6E6F93FFAFDFEA /* [CP] Check Pods Manifest.lock */,
				8986AC82200615B700D4E325 /* Sources */,
				8986AC83200615B700D4E325 /* Frameworks */,
				8986AC84200615B700D4E325 /* Resources */,
				DCDCFFF8C147F11279884A81 /* [CP] Embed Pods Frameworks */,
				571548AD331AB717E8E36E79 /* [CP] Copy Pods Resources */,
			);
			buildRules = (
			);
			dependencies = (
			);
			name = SlackClone;
			productName = SlackClone;
			productReference = 8986AC86200615B700D4E325 /* SlackClone.app */;
			productType = "com.apple.product-type.application";
		};
/* End PBXNativeTarget section */

/* Begin PBXProject section */
		8986AC7E200615B700D4E325 /* Project object */ = {
			isa = PBXProject;
			attributes = {
				LastSwiftUpdateCheck = 0920;
				LastUpgradeCheck = 0920;
				ORGANIZATIONNAME = "AKIL KUMAR THOTA";
				TargetAttributes = {
					8986AC85200615B700D4E325 = {
						CreatedOnToolsVersion = 9.2;
						LastSwiftMigration = 0920;
						ProvisioningStyle = Automatic;
					};
				};
			};
			buildConfigurationList = 8986AC81200615B700D4E325 /* Build configuration list for PBXProject "SlackClone" */;
			compatibilityVersion = "Xcode 8.0";
			developmentRegion = en;
			hasScannedForEncodings = 0;
			knownRegions = (
				en,
				Base,
			);
			mainGroup = 8986AC7D200615B700D4E325;
			productRefGroup = 8986AC87200615B700D4E325 /* Products */;
			projectDirPath = "";
			projectRoot = "";
			targets = (
				8986AC85200615B700D4E325 /* SlackClone */,
			);
		};
/* End PBXProject section */

/* Begin PBXResourcesBuildPhase section */
		8986AC84200615B700D4E325 /* Resources */ = {
			isa = PBXResourcesBuildPhase;
			buildActionMask = 2147483647;
			files = (
				8986AC94200615B700D4E325 /* LaunchScreen.storyboard in Resources */,
				8986AC91200615B700D4E325 /* Assets.xcassets in Resources */,
				8986AC8F200615B700D4E325 /* Main.storyboard in Resources */,
			);
			runOnlyForDeploymentPostprocessing = 0;
		};
/* End PBXResourcesBuildPhase section */

/* Begin PBXShellScriptBuildPhase section */
		571548AD331AB717E8E36E79 /* [CP] Copy Pods Resources */ = {
			isa = PBXShellScriptBuildPhase;
			buildActionMask = 2147483647;
			files = (
			);
			inputPaths = (
			);
			name = "[CP] Copy Pods Resources";
			outputPaths = (
			);
			runOnlyForDeploymentPostprocessing = 0;
			shellPath = /bin/sh;
			shellScript = "\"${SRCROOT}/Pods/Target Support Files/Pods-SlackClone/Pods-SlackClone-resources.sh\"\n";
			showEnvVarsInLog = 0;
		};
		A3DBBCA6CA6E6F93FFAFDFEA /* [CP] Check Pods Manifest.lock */ = {
			isa = PBXShellScriptBuildPhase;
			buildActionMask = 2147483647;
			files = (
			);
			inputPaths = (
			);
			name = "[CP] Check Pods Manifest.lock";
			outputPaths = (
			);
			runOnlyForDeploymentPostprocessing = 0;
			shellPath = /bin/sh;
			shellScript = "diff \"${PODS_ROOT}/../Podfile.lock\" \"${PODS_ROOT}/Manifest.lock\" > /dev/null\nif [ $? != 0 ] ; then\n    # print error to STDERR\n    echo \"error: The sandbox is not in sync with the Podfile.lock. Run 'pod install' or update your CocoaPods installation.\" >&2\n    exit 1\nfi\n";
			showEnvVarsInLog = 0;
		};
		DCDCFFF8C147F11279884A81 /* [CP] Embed Pods Frameworks */ = {
			isa = PBXShellScriptBuildPhase;
			buildActionMask = 2147483647;
			files = (
			);
			inputPaths = (
			);
			name = "[CP] Embed Pods Frameworks";
			outputPaths = (
			);
			runOnlyForDeploymentPostprocessing = 0;
			shellPath = /bin/sh;
			shellScript = "\"${SRCROOT}/Pods/Target Support Files/Pods-SlackClone/Pods-SlackClone-frameworks.sh\"\n";
			showEnvVarsInLog = 0;
		};
/* End PBXShellScriptBuildPhase section */

/* Begin PBXSourcesBuildPhase section */
		8986AC82200615B700D4E325 /* Sources */ = {
			isa = PBXSourcesBuildPhase;
			buildActionMask = 2147483647;
			files = (
				89EBD47A200696DE0096B3D0 /* SignUpVC.swift in Sources */,
				89EBD47F200755B90096B3D0 /* RoundedButtons.swift in Sources */,
				8986ACA42006250200D4E325 /* ChannelVC.swift in Sources */,
				892DD73E20076972001CF044 /* UserDataService.swift in Sources */,
				8986ACA920063D9B00D4E325 /* Constants.swift in Sources */,
				89EBD47D200741030096B3D0 /* AuthService.swift in Sources */,
				8986AC8C200615B700D4E325 /* ChatVC.swift in Sources */,
				8986ACAB200643B000D4E325 /* LogInVC.swift in Sources */,
				8986ACA62006315900D4E325 /* GradientVIew.swift in Sources */,
				8986AC8A200615B700D4E325 /* AppDelegate.swift in Sources */,
				8986AC9E2006216400D4E325 /* SWRevealViewController.m in Sources */,
			);
			runOnlyForDeploymentPostprocessing = 0;
		};
/* End PBXSourcesBuildPhase section */

/* Begin PBXVariantGroup section */
		8986AC8D200615B700D4E325 /* Main.storyboard */ = {
			isa = PBXVariantGroup;
			children = (
				8986AC8E200615B700D4E325 /* Base */,
			);
			name = Main.storyboard;
			sourceTree = "<group>";
		};
		8986AC92200615B700D4E325 /* LaunchScreen.storyboard */ = {
			isa = PBXVariantGroup;
			children = (
				8986AC93200615B700D4E325 /* Base */,
			);
			name = LaunchScreen.storyboard;
			sourceTree = "<group>";
		};
/* End PBXVariantGroup section */

/* Begin XCBuildConfiguration section */
		8986AC96200615B700D4E325 /* Debug */ = {
			isa = XCBuildConfiguration;
			buildSettings = {
				ALWAYS_SEARCH_USER_PATHS = NO;
				CLANG_ANALYZER_NONNULL = YES;
				CLANG_ANALYZER_NUMBER_OBJECT_CONVERSION = YES_AGGRESSIVE;
				CLANG_CXX_LANGUAGE_STANDARD = "gnu++14";
				CLANG_CXX_LIBRARY = "libc++";
				CLANG_ENABLE_MODULES = YES;
				CLANG_ENABLE_OBJC_ARC = YES;
				CLANG_WARN_BLOCK_CAPTURE_AUTORELEASING = YES;
				CLANG_WARN_BOOL_CONVERSION = YES;
				CLANG_WARN_COMMA = YES;
				CLANG_WARN_CONSTANT_CONVERSION = YES;
				CLANG_WARN_DIRECT_OBJC_ISA_USAGE = YES_ERROR;
				CLANG_WARN_DOCUMENTATION_COMMENTS = YES;
				CLANG_WARN_EMPTY_BODY = YES;
				CLANG_WARN_ENUM_CONVERSION = YES;
				CLANG_WARN_INFINITE_RECURSION = YES;
				CLANG_WARN_INT_CONVERSION = YES;
				CLANG_WARN_NON_LITERAL_NULL_CONVERSION = YES;
				CLANG_WARN_OBJC_LITERAL_CONVERSION = YES;
				CLANG_WARN_OBJC_ROOT_CLASS = YES_ERROR;
				CLANG_WARN_RANGE_LOOP_ANALYSIS = YES;
				CLANG_WARN_STRICT_PROTOTYPES = YES;
				CLANG_WARN_SUSPICIOUS_MOVE = YES;
				CLANG_WARN_UNGUARDED_AVAILABILITY = YES_AGGRESSIVE;
				CLANG_WARN_UNREACHABLE_CODE = YES;
				CLANG_WARN__DUPLICATE_METHOD_MATCH = YES;
				CODE_SIGN_IDENTITY = "iPhone Developer";
				COPY_PHASE_STRIP = NO;
				DEBUG_INFORMATION_FORMAT = dwarf;
				ENABLE_STRICT_OBJC_MSGSEND = YES;
				ENABLE_TESTABILITY = YES;
				GCC_C_LANGUAGE_STANDARD = gnu11;
				GCC_DYNAMIC_NO_PIC = NO;
				GCC_NO_COMMON_BLOCKS = YES;
				GCC_OPTIMIZATION_LEVEL = 0;
				GCC_PREPROCESSOR_DEFINITIONS = (
					"DEBUG=1",
					"$(inherited)",
				);
				GCC_WARN_64_TO_32_BIT_CONVERSION = YES;
				GCC_WARN_ABOUT_RETURN_TYPE = YES_ERROR;
				GCC_WARN_UNDECLARED_SELECTOR = YES;
				GCC_WARN_UNINITIALIZED_AUTOS = YES_AGGRESSIVE;
				GCC_WARN_UNUSED_FUNCTION = YES;
				GCC_WARN_UNUSED_VARIABLE = YES;
				IPHONEOS_DEPLOYMENT_TARGET = 11.2;
				MTL_ENABLE_DEBUG_INFO = YES;
				ONLY_ACTIVE_ARCH = YES;
				SDKROOT = iphoneos;
				SWIFT_ACTIVE_COMPILATION_CONDITIONS = DEBUG;
				SWIFT_OPTIMIZATION_LEVEL = "-Onone";
			};
			name = Debug;
		};
		8986AC97200615B700D4E325 /* Release */ = {
			isa = XCBuildConfiguration;
			buildSettings = {
				ALWAYS_SEARCH_USER_PATHS = NO;
				CLANG_ANALYZER_NONNULL = YES;
				CLANG_ANALYZER_NUMBER_OBJECT_CONVERSION = YES_AGGRESSIVE;
				CLANG_CXX_LANGUAGE_STANDARD = "gnu++14";
				CLANG_CXX_LIBRARY = "libc++";
				CLANG_ENABLE_MODULES = YES;
				CLANG_ENABLE_OBJC_ARC = YES;
				CLANG_WARN_BLOCK_CAPTURE_AUTORELEASING = YES;
				CLANG_WARN_BOOL_CONVERSION = YES;
				CLANG_WARN_COMMA = YES;
				CLANG_WARN_CONSTANT_CONVERSION = YES;
				CLANG_WARN_DIRECT_OBJC_ISA_USAGE = YES_ERROR;
				CLANG_WARN_DOCUMENTATION_COMMENTS = YES;
				CLANG_WARN_EMPTY_BODY = YES;
				CLANG_WARN_ENUM_CONVERSION = YES;
				CLANG_WARN_INFINITE_RECURSION = YES;
				CLANG_WARN_INT_CONVERSION = YES;
				CLANG_WARN_NON_LITERAL_NULL_CONVERSION = YES;
				CLANG_WARN_OBJC_LITERAL_CONVERSION = YES;
				CLANG_WARN_OBJC_ROOT_CLASS = YES_ERROR;
				CLANG_WARN_RANGE_LOOP_ANALYSIS = YES;
				CLANG_WARN_STRICT_PROTOTYPES = YES;
				CLANG_WARN_SUSPICIOUS_MOVE = YES;
				CLANG_WARN_UNGUARDED_AVAILABILITY = YES_AGGRESSIVE;
				CLANG_WARN_UNREACHABLE_CODE = YES;
				CLANG_WARN__DUPLICATE_METHOD_MATCH = YES;
				CODE_SIGN_IDENTITY = "iPhone Developer";
				COPY_PHASE_STRIP = NO;
				DEBUG_INFORMATION_FORMAT = "dwarf-with-dsym";
				ENABLE_NS_ASSERTIONS = NO;
				ENABLE_STRICT_OBJC_MSGSEND = YES;
				GCC_C_LANGUAGE_STANDARD = gnu11;
				GCC_NO_COMMON_BLOCKS = YES;
				GCC_WARN_64_TO_32_BIT_CONVERSION = YES;
				GCC_WARN_ABOUT_RETURN_TYPE = YES_ERROR;
				GCC_WARN_UNDECLARED_SELECTOR = YES;
				GCC_WARN_UNINITIALIZED_AUTOS = YES_AGGRESSIVE;
				GCC_WARN_UNUSED_FUNCTION = YES;
				GCC_WARN_UNUSED_VARIABLE = YES;
				IPHONEOS_DEPLOYMENT_TARGET = 11.2;
				MTL_ENABLE_DEBUG_INFO = NO;
				SDKROOT = iphoneos;
				SWIFT_OPTIMIZATION_LEVEL = "-Owholemodule";
				VALIDATE_PRODUCT = YES;
			};
			name = Release;
		};
		8986AC99200615B700D4E325 /* Debug */ = {
			isa = XCBuildConfiguration;
			baseConfigurationReference = 428F34DE7958622A2769AB64 /* Pods-SlackClone.debug.xcconfig */;
			buildSettings = {
				ASSETCATALOG_COMPILER_APPICON_NAME = AppIcon;
				CLANG_ENABLE_MODULES = YES;
				CODE_SIGN_STYLE = Automatic;
				INFOPLIST_FILE = SlackClone/Info.plist;
				LD_RUNPATH_SEARCH_PATHS = "$(inherited) @executable_path/Frameworks";
				PRODUCT_BUNDLE_IDENTIFIER = akilkumar28.SlackClone;
				PRODUCT_NAME = "$(TARGET_NAME)";
				SWIFT_OBJC_BRIDGING_HEADER = "SlackClone/SlackClone-Bridging-Header.h";
				SWIFT_OPTIMIZATION_LEVEL = "-Onone";
				SWIFT_VERSION = 4.0;
				TARGETED_DEVICE_FAMILY = "1,2";
			};
			name = Debug;
		};
		8986AC9A200615B700D4E325 /* Release */ = {
			isa = XCBuildConfiguration;
			baseConfigurationReference = 124E5BC190DD6AE231BF9B1B /* Pods-SlackClone.release.xcconfig */;
			buildSettings = {
				ASSETCATALOG_COMPILER_APPICON_NAME = AppIcon;
				CLANG_ENABLE_MODULES = YES;
				CODE_SIGN_STYLE = Automatic;
				INFOPLIST_FILE = SlackClone/Info.plist;
				LD_RUNPATH_SEARCH_PATHS = "$(inherited) @executable_path/Frameworks";
				PRODUCT_BUNDLE_IDENTIFIER = akilkumar28.SlackClone;
				PRODUCT_NAME = "$(TARGET_NAME)";
				SWIFT_OBJC_BRIDGING_HEADER = "SlackClone/SlackClone-Bridging-Header.h";
				SWIFT_VERSION = 4.0;
				TARGETED_DEVICE_FAMILY = "1,2";
			};
			name = Release;
		};
/* End XCBuildConfiguration section */

/* Begin XCConfigurationList section */
		8986AC81200615B700D4E325 /* Build configuration list for PBXProject "SlackClone" */ = {
			isa = XCConfigurationList;
			buildConfigurations = (
				8986AC96200615B700D4E325 /* Debug */,
				8986AC97200615B700D4E325 /* Release */,
			);
			defaultConfigurationIsVisible = 0;
			defaultConfigurationName = Release;
		};
		8986AC98200615B700D4E325 /* Build configuration list for PBXNativeTarget "SlackClone" */ = {
			isa = XCConfigurationList;
			buildConfigurations = (
				8986AC99200615B700D4E325 /* Debug */,
				8986AC9A200615B700D4E325 /* Release */,
			);
			defaultConfigurationIsVisible = 0;
			defaultConfigurationName = Release;
		};
/* End XCConfigurationList section */
	};
	rootObject = 8986AC7E200615B700D4E325 /* Project object */;
}
